--- 
specs: 
- addressable: 
    version: 2.1.2
- data_objects: 
    version: 0.10.2
- extlib: 
    version: 0.9.15
- dm-core: 
    version: 1.0.0
- dm-do-adapter: 
    version: 1.0.0
- dm-migrations: 
    version: 1.0.0
- do_postgres: 
    version: 0.10.2
- dm-postgres-adapter: 
    version: 1.0.0
- do_sqlite3: 
    version: 0.10.2
- dm-sqlite-adapter: 
    version: 1.0.0
- dm-validations: 
    version: 1.0.0
- haml: 
    version: 3.0.13
- pg: 
    version: 0.9.0
- rack: 
    version: 1.2.0
- sinatra: 
    version: "1.0"
- sqlite3-ruby: 
    version: 1.3.0
hash: 6c0bb7de73f70dcda7369225e34723a75d981009
sources: 
- Rubygems: 
    uri: http://gemcutter.org
dependencies: 
  sqlite3-ruby: 
    version: ">= 0"
    require: 
    - sqlite3
    group: 
    - :development
    - :test
  pg: 
    version: ">= 0"
    group: 
    - :production
  dm-postgres-adapter: 
    version: ">= 0"
    group: 
    - :production
  haml: 
    version: ">= 0"
    group: 
    - :default
  data_objects: 
    version: = 0.10.2
    group: 
    - :default
  do_postgres: 
    version: ">= 0"
    group: 
    - :production
  dm-core: 
    version: = 1.0.0
    group: 
    - :default
  dm-validations: 
    version: = 1.0.0
    group: 
    - :default
  sinatra: 
    version: = 1.0
    group: 
    - :default
  rack: 
    version: = 1.2.0
    group: 
    - :default
  dm-do-adapter: 
    version: = 1.0.0
    group: 
    - :default
  dm-sqlite-adapter: 
    version: = 1.0.0
    group: 
    - :development
    - :test
  do_sqlite3: 
    version: ">= 0"
    group: 
    - :development
    - :test
  dm-migrations: 
    version: = 1.0.0
    group: 
    - :default
